
Microsoft Visual Studio Solution File, Format Version 12.00
# Visual Studio Version 17
VisualStudioVersion = 17.8.34511.84
MinimumVisualStudioVersion = 10.0.40219.1
Project("{8BC9CEB8-8B4A-11D0-8D11-00A0C91BC942}") = "cars", "cars\cars.vcxproj", "{F56DAF6A-470E-47B2-B878-A63DED7B7475}"
EndProject
Global
	GlobalSection(SolutionConfigurationPlatforms) = preSolution
		Debug|x64 = Debug|x64
		Debug|x86 = Debug|x86
		Release|x64 = Release|x64
		Release|x86 = Release|x86
	EndGlobalSection
	GlobalSection(ProjectConfigurationPlatforms) = postSolution
		{F56DAF6A-470E-47B2-B878-A63DED7B7475}.Debug|x64.ActiveCfg = Debug|x64
		{F56DAF6A-470E-47B2-B878-A63DED7B7475}.Debug|x64.Build.0 = Debug|x64
		{F56DAF6A-470E-47B2-B878-A63DED7B7475}.Debug|x86.ActiveCfg = Debug|Win32
		{F56DAF6A-470E-47B2-B878-A63DED7B7475}.Debug|x86.Build.0 = Debug|Win32
		{F56DAF6A-470E-47B2-B878-A63DED7B7475}.Release|x64.ActiveCfg = Release|x64
		{F56DAF6A-470E-47B2-B878-A63DED7B7475}.Release|x64.Build.0 = Release|x64
		{F56DAF6A-470E-47B2-B878-A63DED7B7475}.Release|x86.ActiveCfg = Release|Win32
		{F56DAF6A-470E-47B2-B878-A63DED7B7475}.Release|x86.Build.0 = Release|Win32
	EndGlobalSection
	GlobalSection(SolutionProperties) = preSolution
		HideSolutionNode = FALSE
	EndGlobalSection
	GlobalSection(ExtensibilityGlobals) = postSolution
		SolutionGuid = {83ADC32E-EECB-4BFF-85B7-C99FC695C052}
	EndGlobalSection
EndGlobal
